// !$*UTF8*$!
{
	archiveVersion = 1;
	classes = {
	};
	objectVersion = 46;
	objects = {

/* Begin PBXBuildFile section */
		840667CD1E824269001CCA1C /* SPRecommendViewController.swift in Sources */ = {isa = PBXBuildFile; fileRef = 840667CC1E824269001CCA1C /* SPRecommendViewController.swift */; };
		840667CF1E82429D001CCA1C /* SPHandGameViewController.swift in Sources */ = {isa = PBXBuildFile; fileRef = 840667CE1E82429D001CCA1C /* SPHandGameViewController.swift */; };
		840667D11E8242C4001CCA1C /* SPRecreationViewController.swift in Sources */ = {isa = PBXBuildFile; fileRef = 840667D01E8242C4001CCA1C /* SPRecreationViewController.swift */; };
		840667D31E8242DB001CCA1C /* SPGameViewController.swift in Sources */ = {isa = PBXBuildFile; fileRef = 840667D21E8242DB001CCA1C /* SPGameViewController.swift */; };
		840667D51E824306001CCA1C /* SPFunPlayViewController.swift in Sources */ = {isa = PBXBuildFile; fileRef = 840667D41E824306001CCA1C /* SPFunPlayViewController.swift */; };
		8484217C1E82BF2C00918154 /* SP_RecommendCycleView.swift in Sources */ = {isa = PBXBuildFile; fileRef = 8484217B1E82BF2C00918154 /* SP_RecommendCycleView.swift */; };
		8484217E1E82BF4600918154 /* SP_RecommendCycleView.xib in Resources */ = {isa = PBXBuildFile; fileRef = 8484217D1E82BF4600918154 /* SP_RecommendCycleView.xib */; };
		848421811E82D72000918154 /* SP_NormalCell.swift in Sources */ = {isa = PBXBuildFile; fileRef = 8484217F1E82D72000918154 /* SP_NormalCell.swift */; };
		848421821E82D72000918154 /* SP_NormalCell.xib in Resources */ = {isa = PBXBuildFile; fileRef = 848421801E82D72000918154 /* SP_NormalCell.xib */; };
		848421851E82D75F00918154 /* SP_LvChaBiaoCell.swift in Sources */ = {isa = PBXBuildFile; fileRef = 848421831E82D75F00918154 /* SP_LvChaBiaoCell.swift */; };
		848421861E82D75F00918154 /* SP_LvChaBiaoCell.xib in Resources */ = {isa = PBXBuildFile; fileRef = 848421841E82D75F00918154 /* SP_LvChaBiaoCell.xib */; };
		848421891E82ECBF00918154 /* SP_HeaderReusableView.swift in Sources */ = {isa = PBXBuildFile; fileRef = 848421871E82ECBF00918154 /* SP_HeaderReusableView.swift */; };
		8484218A1E82ECBF00918154 /* SP_HeaderReusableView.xib in Resources */ = {isa = PBXBuildFile; fileRef = 848421881E82ECBF00918154 /* SP_HeaderReusableView.xib */; };
		8484218C1E82FE3A00918154 /* SP_NetWorkingTool.swift in Sources */ = {isa = PBXBuildFile; fileRef = 8484218B1E82FE3A00918154 /* SP_NetWorkingTool.swift */; };
		848EA5361E84193000D5AF14 /* SP_CommonConstant.swift in Sources */ = {isa = PBXBuildFile; fileRef = 848EA5351E84193000D5AF14 /* SP_CommonConstant.swift */; };
		848EA5381E84198C00D5AF14 /* SP_CommonExtention.swift in Sources */ = {isa = PBXBuildFile; fileRef = 848EA5371E84198C00D5AF14 /* SP_CommonExtention.swift */; };
		848EA53A1E842C8100D5AF14 /* SP_CommonTitleView.swift in Sources */ = {isa = PBXBuildFile; fileRef = 848EA5391E842C8100D5AF14 /* SP_CommonTitleView.swift */; };
		848EA53C1E84374E00D5AF14 /* SP_CommonContentView.swift in Sources */ = {isa = PBXBuildFile; fileRef = 848EA53B1E84374E00D5AF14 /* SP_CommonContentView.swift */; };
		84959F1E1E8586C6000D4539 /* SP_AnchorModel.swift in Sources */ = {isa = PBXBuildFile; fileRef = 84959F1D1E8586C6000D4539 /* SP_AnchorModel.swift */; };
		84959F201E858F34000D4539 /* SP_GroupModel.swift in Sources */ = {isa = PBXBuildFile; fileRef = 84959F1F1E858F34000D4539 /* SP_GroupModel.swift */; };
		84AF00B01E85130900000BC6 /* SP_RecommendViewModel.swift in Sources */ = {isa = PBXBuildFile; fileRef = 84AF00AF1E85130900000BC6 /* SP_RecommendViewModel.swift */; };
		84BBA73B1E8185C300E63BEB /* AppDelegate.swift in Sources */ = {isa = PBXBuildFile; fileRef = 84BBA73A1E8185C300E63BEB /* AppDelegate.swift */; };
		84BBA7421E8185C300E63BEB /* Assets.xcassets in Resources */ = {isa = PBXBuildFile; fileRef = 84BBA7411E8185C300E63BEB /* Assets.xcassets */; };
		84BBA7451E8185C300E63BEB /* LaunchScreen.storyboard in Resources */ = {isa = PBXBuildFile; fileRef = 84BBA7431E8185C300E63BEB /* LaunchScreen.storyboard */; };
		84BBA7791E819AB700E63BEB /* SPTabBarController.swift in Sources */ = {isa = PBXBuildFile; fileRef = 84BBA7781E819AB700E63BEB /* SPTabBarController.swift */; };
		84BBA77B1E819AE700E63BEB /* SPNavigationController.swift in Sources */ = {isa = PBXBuildFile; fileRef = 84BBA77A1E819AE700E63BEB /* SPNavigationController.swift */; };
		84BBA77D1E819BDB00E63BEB /* SPHomeViewController.swift in Sources */ = {isa = PBXBuildFile; fileRef = 84BBA77C1E819BDB00E63BEB /* SPHomeViewController.swift */; };
		84BBA77F1E819C0000E63BEB /* SPLiveViewController.swift in Sources */ = {isa = PBXBuildFile; fileRef = 84BBA77E1E819C0000E63BEB /* SPLiveViewController.swift */; };
		84BBA7851E819C9700E63BEB /* SPAttentionViewController.swift in Sources */ = {isa = PBXBuildFile; fileRef = 84BBA7841E819C9700E63BEB /* SPAttentionViewController.swift */; };
		84BBA7871E819CA500E63BEB /* SPDiscoverViewController.swift in Sources */ = {isa = PBXBuildFile; fileRef = 84BBA7861E819CA500E63BEB /* SPDiscoverViewController.swift */; };
		84BBA7891E819CB500E63BEB /* SPMineViewController.swift in Sources */ = {isa = PBXBuildFile; fileRef = 84BBA7881E819CB500E63BEB /* SPMineViewController.swift */; };
		DC9A5F8C486FC4647A19F5E0 /* Pods_DoYuLiveStreaming.framework in Frameworks */ = {isa = PBXBuildFile; fileRef = 0DD31CB5088FB53F3F56D871 /* Pods_DoYuLiveStreaming.framework */; };
/* End PBXBuildFile section */

/* Begin PBXFileReference section */
		0DD31CB5088FB53F3F56D871 /* Pods_DoYuLiveStreaming.framework */ = {isa = PBXFileReference; explicitFileType = wrapper.framework; includeInIndex = 0; path = Pods_DoYuLiveStreaming.framework; sourceTree = BUILT_PRODUCTS_DIR; };
		840667CC1E824269001CCA1C /* SPRecommendViewController.swift */ = {isa = PBXFileReference; fileEncoding = 4; lastKnownFileType = sourcecode.swift; path = SPRecommendViewController.swift; sourceTree = "<group>"; };
		840667CE1E82429D001CCA1C /* SPHandGameViewController.swift */ = {isa = PBXFileReference; fileEncoding = 4; lastKnownFileType = sourcecode.swift; path = SPHandGameViewController.swift; sourceTree = "<group>"; };
		840667D01E8242C4001CCA1C /* SPRecreationViewController.swift */ = {isa = PBXFileReference; fileEncoding = 4; lastKnownFileType = sourcecode.swift; path = SPRecreationViewController.swift; sourceTree = "<group>"; };
		840667D21E8242DB001CCA1C /* SPGameViewController.swift */ = {isa = PBXFileReference; fileEncoding = 4; lastKnownFileType = sourcecode.swift; path = SPGameViewController.swift; sourceTree = "<group>"; };
		840667D41E824306001CCA1C /* SPFunPlayViewController.swift */ = {isa = PBXFileReference; fileEncoding = 4; lastKnownFileType = sourcecode.swift; path = SPFunPlayViewController.swift; sourceTree = "<group>"; };
		8484217B1E82BF2C00918154 /* SP_RecommendCycleView.swift */ = {isa = PBXFileReference; fileEncoding = 4; lastKnownFileType = sourcecode.swift; path = SP_RecommendCycleView.swift; sourceTree = "<group>"; };
		8484217D1E82BF4600918154 /* SP_RecommendCycleView.xib */ = {isa = PBXFileReference; fileEncoding = 4; lastKnownFileType = file.xib; path = SP_RecommendCycleView.xib; sourceTree = "<group>"; };
		8484217F1E82D72000918154 /* SP_NormalCell.swift */ = {isa = PBXFileReference; fileEncoding = 4; lastKnownFileType = sourcecode.swift; path = SP_NormalCell.swift; sourceTree = "<group>"; };
		848421801E82D72000918154 /* SP_NormalCell.xib */ = {isa = PBXFileReference; fileEncoding = 4; lastKnownFileType = file.xib; path = SP_NormalCell.xib; sourceTree = "<group>"; };
		848421831E82D75F00918154 /* SP_LvChaBiaoCell.swift */ = {isa = PBXFileReference; fileEncoding = 4; lastKnownFileType = sourcecode.swift; path = SP_LvChaBiaoCell.swift; sourceTree = "<group>"; };
		848421841E82D75F00918154 /* SP_LvChaBiaoCell.xib */ = {isa = PBXFileReference; fileEncoding = 4; lastKnownFileType = file.xib; path = SP_LvChaBiaoCell.xib; sourceTree = "<group>"; };
		848421871E82ECBF00918154 /* SP_HeaderReusableView.swift */ = {isa = PBXFileReference; fileEncoding = 4; lastKnownFileType = sourcecode.swift; path = SP_HeaderReusableView.swift; sourceTree = "<group>"; };
		848421881E82ECBF00918154 /* SP_HeaderReusableView.xib */ = {isa = PBXFileReference; fileEncoding = 4; lastKnownFileType = file.xib; path = SP_HeaderReusableView.xib; sourceTree = "<group>"; };
		8484218B1E82FE3A00918154 /* SP_NetWorkingTool.swift */ = {isa = PBXFileReference; fileEncoding = 4; lastKnownFileType = sourcecode.swift; path = SP_NetWorkingTool.swift; sourceTree = "<group>"; };
		848EA5351E84193000D5AF14 /* SP_CommonConstant.swift */ = {isa = PBXFileReference; fileEncoding = 4; lastKnownFileType = sourcecode.swift; path = SP_CommonConstant.swift; sourceTree = "<group>"; };
		848EA5371E84198C00D5AF14 /* SP_CommonExtention.swift */ = {isa = PBXFileReference; fileEncoding = 4; lastKnownFileType = sourcecode.swift; path = SP_CommonExtention.swift; sourceTree = "<group>"; };
		848EA5391E842C8100D5AF14 /* SP_CommonTitleView.swift */ = {isa = PBXFileReference; fileEncoding = 4; lastKnownFileType = sourcecode.swift; path = SP_CommonTitleView.swift; sourceTree = "<group>"; };
		848EA53B1E84374E00D5AF14 /* SP_CommonContentView.swift */ = {isa = PBXFileReference; fileEncoding = 4; lastKnownFileType = sourcecode.swift; path = SP_CommonContentView.swift; sourceTree = "<group>"; };
		84959F1D1E8586C6000D4539 /* SP_AnchorModel.swift */ = {isa = PBXFileReference; fileEncoding = 4; lastKnownFileType = sourcecode.swift; path = SP_AnchorModel.swift; sourceTree = "<group>"; };
		84959F1F1E858F34000D4539 /* SP_GroupModel.swift */ = {isa = PBXFileReference; fileEncoding = 4; lastKnownFileType = sourcecode.swift; path = SP_GroupModel.swift; sourceTree = "<group>"; };
		84AF00AF1E85130900000BC6 /* SP_RecommendViewModel.swift */ = {isa = PBXFileReference; fileEncoding = 4; lastKnownFileType = sourcecode.swift; path = SP_RecommendViewModel.swift; sourceTree = "<group>"; };
		84BBA7371E8185C300E63BEB /* DoYuLiveStreaming.app */ = {isa = PBXFileReference; explicitFileType = wrapper.application; includeInIndex = 0; path = DoYuLiveStreaming.app; sourceTree = BUILT_PRODUCTS_DIR; };
		84BBA73A1E8185C300E63BEB /* AppDelegate.swift */ = {isa = PBXFileReference; lastKnownFileType = sourcecode.swift; path = AppDelegate.swift; sourceTree = "<group>"; };
		84BBA7411E8185C300E63BEB /* Assets.xcassets */ = {isa = PBXFileReference; lastKnownFileType = folder.assetcatalog; path = Assets.xcassets; sourceTree = "<group>"; };
		84BBA7441E8185C300E63BEB /* Base */ = {isa = PBXFileReference; lastKnownFileType = file.storyboard; name = Base; path = Base.lproj/LaunchScreen.storyboard; sourceTree = "<group>"; };
		84BBA7461E8185C300E63BEB /* Info.plist */ = {isa = PBXFileReference; lastKnownFileType = text.plist.xml; path = Info.plist; sourceTree = "<group>"; };
		84BBA7781E819AB700E63BEB /* SPTabBarController.swift */ = {isa = PBXFileReference; fileEncoding = 4; lastKnownFileType = sourcecode.swift; path = SPTabBarController.swift; sourceTree = "<group>"; };
		84BBA77A1E819AE700E63BEB /* SPNavigationController.swift */ = {isa = PBXFileReference; fileEncoding = 4; lastKnownFileType = sourcecode.swift; path = SPNavigationController.swift; sourceTree = "<group>"; };
		84BBA77C1E819BDB00E63BEB /* SPHomeViewController.swift */ = {isa = PBXFileReference; fileEncoding = 4; lastKnownFileType = sourcecode.swift; path = SPHomeViewController.swift; sourceTree = "<group>"; };
		84BBA77E1E819C0000E63BEB /* SPLiveViewController.swift */ = {isa = PBXFileReference; fileEncoding = 4; lastKnownFileType = sourcecode.swift; path = SPLiveViewController.swift; sourceTree = "<group>"; };
		84BBA7841E819C9700E63BEB /* SPAttentionViewController.swift */ = {isa = PBXFileReference; fileEncoding = 4; lastKnownFileType = sourcecode.swift; path = SPAttentionViewController.swift; sourceTree = "<group>"; };
		84BBA7861E819CA500E63BEB /* SPDiscoverViewController.swift */ = {isa = PBXFileReference; fileEncoding = 4; lastKnownFileType = sourcecode.swift; path = SPDiscoverViewController.swift; sourceTree = "<group>"; };
		84BBA7881E819CB500E63BEB /* SPMineViewController.swift */ = {isa = PBXFileReference; fileEncoding = 4; lastKnownFileType = sourcecode.swift; path = SPMineViewController.swift; sourceTree = "<group>"; };
		8B1780E06E44D3DAD70597FB /* Pods-DoYuLiveStreaming.debug.xcconfig */ = {isa = PBXFileReference; includeInIndex = 1; lastKnownFileType = text.xcconfig; name = "Pods-DoYuLiveStreaming.debug.xcconfig"; path = "Pods/Target Support Files/Pods-DoYuLiveStreaming/Pods-DoYuLiveStreaming.debug.xcconfig"; sourceTree = "<group>"; };
		E8B4B9F133B0A38DDF70009B /* Pods-DoYuLiveStreaming.release.xcconfig */ = {isa = PBXFileReference; includeInIndex = 1; lastKnownFileType = text.xcconfig; name = "Pods-DoYuLiveStreaming.release.xcconfig"; path = "Pods/Target Support Files/Pods-DoYuLiveStreaming/Pods-DoYuLiveStreaming.release.xcconfig"; sourceTree = "<group>"; };
/* End PBXFileReference section */

/* Begin PBXFrameworksBuildPhase section */
		84BBA7341E8185C300E63BEB /* Frameworks */ = {
			isa = PBXFrameworksBuildPhase;
			buildActionMask = 2147483647;
			files = (
				DC9A5F8C486FC4647A19F5E0 /* Pods_DoYuLiveStreaming.framework in Frameworks */,
			);
			runOnlyForDeploymentPostprocessing = 0;
		};
/* End PBXFrameworksBuildPhase section */

/* Begin PBXGroup section */
		84BBA72E1E8185C300E63BEB = {
			isa = PBXGroup;
			children = (
				84BBA7391E8185C300E63BEB /* DoYuLiveStreaming */,
				84BBA7381E8185C300E63BEB /* Products */,
				933DF81D50FB1952FE5E6C4D /* Pods */,
				BE767B956A2E9D751B810E74 /* Frameworks */,
			);
			sourceTree = "<group>";
		};
		84BBA7381E8185C300E63BEB /* Products */ = {
			isa = PBXGroup;
			children = (
				84BBA7371E8185C300E63BEB /* DoYuLiveStreaming.app */,
			);
			name = Products;
			sourceTree = "<group>";
		};
		84BBA7391E8185C300E63BEB /* DoYuLiveStreaming */ = {
			isa = PBXGroup;
			children = (
				84BBA73A1E8185C300E63BEB /* AppDelegate.swift */,
				84BBA74E1E8193E500E63BEB /* Classes */,
				84BBA7681E8193EB00E63BEB /* Resources */,
			);
			path = DoYuLiveStreaming;
			sourceTree = "<group>";
		};
		84BBA74E1E8193E500E63BEB /* Classes */ = {
			isa = PBXGroup;
			children = (
				84BBA75F1E8193E500E63BEB /* Main */,
				84BBA7571E8193E500E63BEB /* Home */,
				84BBA75B1E8193E500E63BEB /* Live */,
				84BBA7801E819C7A00E63BEB /* Attention */,
				84BBA74F1E8193E500E63BEB /* Discover */,
				84BBA7631E8193E500E63BEB /* Profile */,
				84BBA7671E8193E500E63BEB /* Tools */,
			);
			path = Classes;
			sourceTree = "<group>";
		};
		84BBA74F1E8193E500E63BEB /* Discover */ = {
			isa = PBXGroup;
			children = (
				84BBA7501E8193E500E63BEB /* Controller */,
				84BBA7511E8193E500E63BEB /* Model */,
				84BBA7521E8193E500E63BEB /* View */,
			);
			path = Discover;
			sourceTree = "<group>";
		};
		84BBA7501E8193E500E63BEB /* Controller */ = {
			isa = PBXGroup;
			children = (
				84BBA7861E819CA500E63BEB /* SPDiscoverViewController.swift */,
			);
			path = Controller;
			sourceTree = "<group>";
		};
		84BBA7511E8193E500E63BEB /* Model */ = {
			isa = PBXGroup;
			children = (
			);
			path = Model;
			sourceTree = "<group>";
		};
		84BBA7521E8193E500E63BEB /* View */ = {
			isa = PBXGroup;
			children = (
			);
			path = View;
			sourceTree = "<group>";
		};
		84BBA7571E8193E500E63BEB /* Home */ = {
			isa = PBXGroup;
			children = (
				84BBA7581E8193E500E63BEB /* Controller */,
				84CD874B1E83846F00BDF170 /* ViewModel */,
				84BBA7591E8193E500E63BEB /* Model */,
				84BBA75A1E8193E500E63BEB /* View */,
			);
			path = Home;
			sourceTree = "<group>";
		};
		84BBA7581E8193E500E63BEB /* Controller */ = {
			isa = PBXGroup;
			children = (
				84BBA77C1E819BDB00E63BEB /* SPHomeViewController.swift */,
				840667CC1E824269001CCA1C /* SPRecommendViewController.swift */,
				840667CE1E82429D001CCA1C /* SPHandGameViewController.swift */,
				840667D01E8242C4001CCA1C /* SPRecreationViewController.swift */,
				840667D21E8242DB001CCA1C /* SPGameViewController.swift */,
				840667D41E824306001CCA1C /* SPFunPlayViewController.swift */,
			);
			path = Controller;
			sourceTree = "<group>";
		};
		84BBA7591E8193E500E63BEB /* Model */ = {
			isa = PBXGroup;
			children = (
				84959F1F1E858F34000D4539 /* SP_GroupModel.swift */,
				84959F1D1E8586C6000D4539 /* SP_AnchorModel.swift */,
			);
			path = Model;
			sourceTree = "<group>";
		};
		84BBA75A1E8193E500E63BEB /* View */ = {
			isa = PBXGroup;
			children = (
				8484217B1E82BF2C00918154 /* SP_RecommendCycleView.swift */,
				8484217D1E82BF4600918154 /* SP_RecommendCycleView.xib */,
				8484217F1E82D72000918154 /* SP_NormalCell.swift */,
				848421801E82D72000918154 /* SP_NormalCell.xib */,
				848421831E82D75F00918154 /* SP_LvChaBiaoCell.swift */,
				848421841E82D75F00918154 /* SP_LvChaBiaoCell.xib */,
				848421871E82ECBF00918154 /* SP_HeaderReusableView.swift */,
				848421881E82ECBF00918154 /* SP_HeaderReusableView.xib */,
			);
			path = View;
			sourceTree = "<group>";
		};
		84BBA75B1E8193E500E63BEB /* Live */ = {
			isa = PBXGroup;
			children = (
				84BBA75C1E8193E500E63BEB /* Controller */,
				84BBA75D1E8193E500E63BEB /* Model */,
				84BBA75E1E8193E500E63BEB /* View */,
			);
			path = Live;
			sourceTree = "<group>";
		};
		84BBA75C1E8193E500E63BEB /* Controller */ = {
			isa = PBXGroup;
			children = (
				84BBA77E1E819C0000E63BEB /* SPLiveViewController.swift */,
			);
			path = Controller;
			sourceTree = "<group>";
		};
		84BBA75D1E8193E500E63BEB /* Model */ = {
			isa = PBXGroup;
			children = (
			);
			path = Model;
			sourceTree = "<group>";
		};
		84BBA75E1E8193E500E63BEB /* View */ = {
			isa = PBXGroup;
			children = (
			);
			path = View;
			sourceTree = "<group>";
		};
		84BBA75F1E8193E500E63BEB /* Main */ = {
			isa = PBXGroup;
			children = (
				84BBA7601E8193E500E63BEB /* Controller */,
				84BBA7611E8193E500E63BEB /* Model */,
				84BBA7621E8193E500E63BEB /* View */,
			);
			path = Main;
			sourceTree = "<group>";
		};
		84BBA7601E8193E500E63BEB /* Controller */ = {
			isa = PBXGroup;
			children = (
				84BBA7781E819AB700E63BEB /* SPTabBarController.swift */,
				84BBA77A1E819AE700E63BEB /* SPNavigationController.swift */,
			);
			path = Controller;
			sourceTree = "<group>";
		};
		84BBA7611E8193E500E63BEB /* Model */ = {
			isa = PBXGroup;
			children = (
			);
			path = Model;
			sourceTree = "<group>";
		};
		84BBA7621E8193E500E63BEB /* View */ = {
			isa = PBXGroup;
			children = (
				848EA5391E842C8100D5AF14 /* SP_CommonTitleView.swift */,
				848EA53B1E84374E00D5AF14 /* SP_CommonContentView.swift */,
			);
			path = View;
			sourceTree = "<group>";
		};
		84BBA7631E8193E500E63BEB /* Profile */ = {
			isa = PBXGroup;
			children = (
				84BBA7641E8193E500E63BEB /* Controller */,
				84BBA7651E8193E500E63BEB /* Model */,
				84BBA7661E8193E500E63BEB /* View */,
			);
			path = Profile;
			sourceTree = "<group>";
		};
		84BBA7641E8193E500E63BEB /* Controller */ = {
			isa = PBXGroup;
			children = (
				84BBA7881E819CB500E63BEB /* SPMineViewController.swift */,
			);
			path = Controller;
			sourceTree = "<group>";
		};
		84BBA7651E8193E500E63BEB /* Model */ = {
			isa = PBXGroup;
			children = (
			);
			path = Model;
			sourceTree = "<group>";
		};
		84BBA7661E8193E500E63BEB /* View */ = {
			isa = PBXGroup;
			children = (
			);
			path = View;
			sourceTree = "<group>";
		};
		84BBA7671E8193E500E63BEB /* Tools */ = {
			isa = PBXGroup;
			children = (
				8484218B1E82FE3A00918154 /* SP_NetWorkingTool.swift */,
				848EA5351E84193000D5AF14 /* SP_CommonConstant.swift */,
				848EA5371E84198C00D5AF14 /* SP_CommonExtention.swift */,
			);
			path = Tools;
			sourceTree = "<group>";
		};
		84BBA7681E8193EB00E63BEB /* Resources */ = {
			isa = PBXGroup;
			children = (
				84BBA7411E8185C300E63BEB /* Assets.xcassets */,
				84BBA7431E8185C300E63BEB /* LaunchScreen.storyboard */,
				84BBA7461E8185C300E63BEB /* Info.plist */,
			);
			name = Resources;
			sourceTree = "<group>";
		};
		84BBA7801E819C7A00E63BEB /* Attention */ = {
			isa = PBXGroup;
			children = (
				84BBA7811E819C7A00E63BEB /* Controller */,
				84BBA7821E819C7A00E63BEB /* Model */,
				84BBA7831E819C7A00E63BEB /* View */,
			);
			path = Attention;
			sourceTree = "<group>";
		};
		84BBA7811E819C7A00E63BEB /* Controller */ = {
			isa = PBXGroup;
			children = (
				84BBA7841E819C9700E63BEB /* SPAttentionViewController.swift */,
			);
			path = Controller;
			sourceTree = "<group>";
		};
		84BBA7821E819C7A00E63BEB /* Model */ = {
			isa = PBXGroup;
			children = (
			);
			path = Model;
			sourceTree = "<group>";
		};
		84BBA7831E819C7A00E63BEB /* View */ = {
			isa = PBXGroup;
			children = (
			);
			path = View;
			sourceTree = "<group>";
		};
		84CD874B1E83846F00BDF170 /* ViewModel */ = {
			isa = PBXGroup;
			children = (
				84AF00AF1E85130900000BC6 /* SP_RecommendViewModel.swift */,
			);
			path = ViewModel;
			sourceTree = "<group>";
		};
		933DF81D50FB1952FE5E6C4D /* Pods */ = {
			isa = PBXGroup;
			children = (
				8B1780E06E44D3DAD70597FB /* Pods-DoYuLiveStreaming.debug.xcconfig */,
				E8B4B9F133B0A38DDF70009B /* Pods-DoYuLiveStreaming.release.xcconfig */,
			);
			name = Pods;
			sourceTree = "<group>";
		};
		BE767B956A2E9D751B810E74 /* Frameworks */ = {
			isa = PBXGroup;
			children = (
				0DD31CB5088FB53F3F56D871 /* Pods_DoYuLiveStreaming.framework */,
			);
			name = Frameworks;
			sourceTree = "<group>";
		};
/* End PBXGroup section */

/* Begin PBXNativeTarget section */
		84BBA7361E8185C300E63BEB /* DoYuLiveStreaming */ = {
			isa = PBXNativeTarget;
			buildConfigurationList = 84BBA7491E8185C300E63BEB /* Build configuration list for PBXNativeTarget "DoYuLiveStreaming" */;
			buildPhases = (
				3B9EE1EA263E94B6B51382C5 /* [CP] Check Pods Manifest.lock */,
				84BBA7331E8185C300E63BEB /* Sources */,
				84BBA7341E8185C300E63BEB /* Frameworks */,
				84BBA7351E8185C300E63BEB /* Resources */,
				BAE686FC40A76D51201DEFE7 /* [CP] Embed Pods Frameworks */,
				B3A8242A94EEFA0E61F60C9B /* [CP] Copy Pods Resources */,
			);
			buildRules = (
			);
			dependencies = (
			);
			name = DoYuLiveStreaming;
			productName = DoYuLiveStreaming;
			productReference = 84BBA7371E8185C300E63BEB /* DoYuLiveStreaming.app */;
			productType = "com.apple.product-type.application";
		};
/* End PBXNativeTarget section */

/* Begin PBXProject section */
		84BBA72F1E8185C300E63BEB /* Project object */ = {
			isa = PBXProject;
			attributes = {
				CLASSPREFIX = SP;
				LastSwiftUpdateCheck = 0820;
				LastUpgradeCheck = 0820;
				ORGANIZATIONNAME = "tianfeng pan";
				TargetAttributes = {
					84BBA7361E8185C300E63BEB = {
						CreatedOnToolsVersion = 8.2.1;
						DevelopmentTeam = EQ5S6DVB5G;
						ProvisioningStyle = Automatic;
					};
				};
			};
			buildConfigurationList = 84BBA7321E8185C300E63BEB /* Build configuration list for PBXProject "DoYuLiveStreaming" */;
			compatibilityVersion = "Xcode 3.2";
			developmentRegion = English;
			hasScannedForEncodings = 0;
			knownRegions = (
				en,
				Base,
			);
			mainGroup = 84BBA72E1E8185C300E63BEB;
			productRefGroup = 84BBA7381E8185C300E63BEB /* Products */;
			projectDirPath = "";
			projectRoot = "";
			targets = (
				84BBA7361E8185C300E63BEB /* DoYuLiveStreaming */,
			);
		};
/* End PBXProject section */

/* Begin PBXResourcesBuildPhase section */
		84BBA7351E8185C300E63BEB /* Resources */ = {
			isa = PBXResourcesBuildPhase;
			buildActionMask = 2147483647;
			files = (
				84BBA7451E8185C300E63BEB /* LaunchScreen.storyboard in Resources */,
				848421821E82D72000918154 /* SP_NormalCell.xib in Resources */,
				848421861E82D75F00918154 /* SP_LvChaBiaoCell.xib in Resources */,
				8484218A1E82ECBF00918154 /* SP_HeaderReusableView.xib in Resources */,
				8484217E1E82BF4600918154 /* SP_RecommendCycleView.xib in Resources */,
				84BBA7421E8185C300E63BEB /* Assets.xcassets in Resources */,
			);
			runOnlyForDeploymentPostprocessing = 0;
		};
/* End PBXResourcesBuildPhase section */

/* Begin PBXShellScriptBuildPhase section */
		3B9EE1EA263E94B6B51382C5 /* [CP] Check Pods Manifest.lock */ = {
			isa = PBXShellScriptBuildPhase;
			buildActionMask = 2147483647;
			files = (
			);
			inputPaths = (
			);
			name = "[CP] Check Pods Manifest.lock";
			outputPaths = (
			);
			runOnlyForDeploymentPostprocessing = 0;
			shellPath = /bin/sh;
			shellScript = "diff \"${PODS_ROOT}/../Podfile.lock\" \"${PODS_ROOT}/Manifest.lock\" > /dev/null\nif [ $? != 0 ] ; then\n    # print error to STDERR\n    echo \"error: The sandbox is not in sync with the Podfile.lock. Run 'pod install' or update your CocoaPods installation.\" >&2\n    exit 1\nfi\n";
			showEnvVarsInLog = 0;
		};
		B3A8242A94EEFA0E61F60C9B /* [CP] Copy Pods Resources */ = {
			isa = PBXShellScriptBuildPhase;
			buildActionMask = 2147483647;
			files = (
			);
			inputPaths = (
			);
			name = "[CP] Copy Pods Resources";
			outputPaths = (
			);
			runOnlyForDeploymentPostprocessing = 0;
			shellPath = /bin/sh;
			shellScript = "\"${SRCROOT}/Pods/Target Support Files/Pods-DoYuLiveStreaming/Pods-DoYuLiveStreaming-resources.sh\"\n";
			showEnvVarsInLog = 0;
		};
		BAE686FC40A76D51201DEFE7 /* [CP] Embed Pods Frameworks */ = {
			isa = PBXShellScriptBuildPhase;
			buildActionMask = 2147483647;
			files = (
			);
			inputPaths = (
			);
			name = "[CP] Embed Pods Frameworks";
			outputPaths = (
			);
			runOnlyForDeploymentPostprocessing = 0;
			shellPath = /bin/sh;
			shellScript = "\"${SRCROOT}/Pods/Target Support Files/Pods-DoYuLiveStreaming/Pods-DoYuLiveStreaming-frameworks.sh\"\n";
			showEnvVarsInLog = 0;
		};
/* End PBXShellScriptBuildPhase section */

/* Begin PBXSourcesBuildPhase section */
		84BBA7331E8185C300E63BEB /* Sources */ = {
			isa = PBXSourcesBuildPhase;
			buildActionMask = 2147483647;
			files = (
				84AF00B01E85130900000BC6 /* SP_RecommendViewModel.swift in Sources */,
				840667CF1E82429D001CCA1C /* SPHandGameViewController.swift in Sources */,
				840667D31E8242DB001CCA1C /* SPGameViewController.swift in Sources */,
				840667D11E8242C4001CCA1C /* SPRecreationViewController.swift in Sources */,
				84959F201E858F34000D4539 /* SP_GroupModel.swift in Sources */,
				848EA5361E84193000D5AF14 /* SP_CommonConstant.swift in Sources */,
				84959F1E1E8586C6000D4539 /* SP_AnchorModel.swift in Sources */,
				848EA5381E84198C00D5AF14 /* SP_CommonExtention.swift in Sources */,
				848421891E82ECBF00918154 /* SP_HeaderReusableView.swift in Sources */,
				84BBA7891E819CB500E63BEB /* SPMineViewController.swift in Sources */,
				84BBA7851E819C9700E63BEB /* SPAttentionViewController.swift in Sources */,
				840667CD1E824269001CCA1C /* SPRecommendViewController.swift in Sources */,
				840667D51E824306001CCA1C /* SPFunPlayViewController.swift in Sources */,
				84BBA77F1E819C0000E63BEB /* SPLiveViewController.swift in Sources */,
				8484218C1E82FE3A00918154 /* SP_NetWorkingTool.swift in Sources */,
				848421811E82D72000918154 /* SP_NormalCell.swift in Sources */,
				848EA53A1E842C8100D5AF14 /* SP_CommonTitleView.swift in Sources */,
				84BBA77D1E819BDB00E63BEB /* SPHomeViewController.swift in Sources */,
				848421851E82D75F00918154 /* SP_LvChaBiaoCell.swift in Sources */,
				84BBA77B1E819AE700E63BEB /* SPNavigationController.swift in Sources */,
				84BBA7791E819AB700E63BEB /* SPTabBarController.swift in Sources */,
				8484217C1E82BF2C00918154 /* SP_RecommendCycleView.swift in Sources */,
				84BBA7871E819CA500E63BEB /* SPDiscoverViewController.swift in Sources */,
				848EA53C1E84374E00D5AF14 /* SP_CommonContentView.swift in Sources */,
				84BBA73B1E8185C300E63BEB /* AppDelegate.swift in Sources */,
			);
			runOnlyForDeploymentPostprocessing = 0;
		};
/* End PBXSourcesBuildPhase section */

/* Begin PBXVariantGroup section */
		84BBA7431E8185C300E63BEB /* LaunchScreen.storyboard */ = {
			isa = PBXVariantGroup;
			children = (
				84BBA7441E8185C300E63BEB /* Base */,
			);
			name = LaunchScreen.storyboard;
			sourceTree = "<group>";
		};
/* End PBXVariantGroup section */

/* Begin XCBuildConfiguration section */
		84BBA7471E8185C300E63BEB /* Debug */ = {
			isa = XCBuildConfiguration;
			buildSettings = {
				ALWAYS_SEARCH_USER_PATHS = NO;
				CLANG_ANALYZER_NONNULL = YES;
				CLANG_CXX_LANGUAGE_STANDARD = "gnu++0x";
				CLANG_CXX_LIBRARY = "libc++";
				CLANG_ENABLE_MODULES = YES;
				CLANG_ENABLE_OBJC_ARC = YES;
				CLANG_WARN_BOOL_CONVERSION = YES;
				CLANG_WARN_CONSTANT_CONVERSION = YES;
				CLANG_WARN_DIRECT_OBJC_ISA_USAGE = YES_ERROR;
				CLANG_WARN_DOCUMENTATION_COMMENTS = YES;
				CLANG_WARN_EMPTY_BODY = YES;
				CLANG_WARN_ENUM_CONVERSION = YES;
				CLANG_WARN_INFINITE_RECURSION = YES;
				CLANG_WARN_INT_CONVERSION = YES;
				CLANG_WARN_OBJC_ROOT_CLASS = YES_ERROR;
				CLANG_WARN_SUSPICIOUS_MOVE = YES;
				CLANG_WARN_UNREACHABLE_CODE = YES;
				CLANG_WARN__DUPLICATE_METHOD_MATCH = YES;
				"CODE_SIGN_IDENTITY[sdk=iphoneos*]" = "iPhone Developer";
				COPY_PHASE_STRIP = NO;
				DEBUG_INFORMATION_FORMAT = dwarf;
				ENABLE_STRICT_OBJC_MSGSEND = YES;
				ENABLE_TESTABILITY = YES;
				GCC_C_LANGUAGE_STANDARD = gnu99;
				GCC_DYNAMIC_NO_PIC = NO;
				GCC_NO_COMMON_BLOCKS = YES;
				GCC_OPTIMIZATION_LEVEL = 0;
				GCC_PREPROCESSOR_DEFINITIONS = (
					"DEBUG=1",
					"$(inherited)",
				);
				GCC_WARN_64_TO_32_BIT_CONVERSION = YES;
				GCC_WARN_ABOUT_RETURN_TYPE = YES_ERROR;
				GCC_WARN_UNDECLARED_SELECTOR = YES;
				GCC_WARN_UNINITIALIZED_AUTOS = YES_AGGRESSIVE;
				GCC_WARN_UNUSED_FUNCTION = YES;
				GCC_WARN_UNUSED_VARIABLE = YES;
				IPHONEOS_DEPLOYMENT_TARGET = 9.0;
				MTL_ENABLE_DEBUG_INFO = YES;
				ONLY_ACTIVE_ARCH = YES;
				SDKROOT = iphoneos;
				SWIFT_ACTIVE_COMPILATION_CONDITIONS = DEBUG;
				SWIFT_OPTIMIZATION_LEVEL = "-Onone";
			};
			name = Debug;
		};
		84BBA7481E8185C300E63BEB /* Release */ = {
			isa = XCBuildConfiguration;
			buildSettings = {
				ALWAYS_SEARCH_USER_PATHS = NO;
				CLANG_ANALYZER_NONNULL = YES;
				CLANG_CXX_LANGUAGE_STANDARD = "gnu++0x";
				CLANG_CXX_LIBRARY = "libc++";
				CLANG_ENABLE_MODULES = YES;
				CLANG_ENABLE_OBJC_ARC = YES;
				CLANG_WARN_BOOL_CONVERSION = YES;
				CLANG_WARN_CONSTANT_CONVERSION = YES;
				CLANG_WARN_DIRECT_OBJC_ISA_USAGE = YES_ERROR;
				CLANG_WARN_DOCUMENTATION_COMMENTS = YES;
				CLANG_WARN_EMPTY_BODY = YES;
				CLANG_WARN_ENUM_CONVERSION = YES;
				CLANG_WARN_INFINITE_RECURSION = YES;
				CLANG_WARN_INT_CONVERSION = YES;
				CLANG_WARN_OBJC_ROOT_CLASS = YES_ERROR;
				CLANG_WARN_SUSPICIOUS_MOVE = YES;
				CLANG_WARN_UNREACHABLE_CODE = YES;
				CLANG_WARN__DUPLICATE_METHOD_MATCH = YES;
				"CODE_SIGN_IDENTITY[sdk=iphoneos*]" = "iPhone Developer";
				COPY_PHASE_STRIP = NO;
				DEBUG_INFORMATION_FORMAT = "dwarf-with-dsym";
				ENABLE_NS_ASSERTIONS = NO;
				ENABLE_STRICT_OBJC_MSGSEND = YES;
				GCC_C_LANGUAGE_STANDARD = gnu99;
				GCC_NO_COMMON_BLOCKS = YES;
				GCC_WARN_64_TO_32_BIT_CONVERSION = YES;
				GCC_WARN_ABOUT_RETURN_TYPE = YES_ERROR;
				GCC_WARN_UNDECLARED_SELECTOR = YES;
				GCC_WARN_UNINITIALIZED_AUTOS = YES_AGGRESSIVE;
				GCC_WARN_UNUSED_FUNCTION = YES;
				GCC_WARN_UNUSED_VARIABLE = YES;
				IPHONEOS_DEPLOYMENT_TARGET = 9.0;
				MTL_ENABLE_DEBUG_INFO = NO;
				SDKROOT = iphoneos;
				SWIFT_OPTIMIZATION_LEVEL = "-Owholemodule";
				VALIDATE_PRODUCT = YES;
			};
			name = Release;
		};
		84BBA74A1E8185C300E63BEB /* Debug */ = {
			isa = XCBuildConfiguration;
			baseConfigurationReference = 8B1780E06E44D3DAD70597FB /* Pods-DoYuLiveStreaming.debug.xcconfig */;
			buildSettings = {
				ALWAYS_EMBED_SWIFT_STANDARD_LIBRARIES = YES;
				ASSETCATALOG_COMPILER_APPICON_NAME = AppIcon;
				ASSETCATALOG_COMPILER_LAUNCHIMAGE_NAME = LaunchImage;
				DEVELOPMENT_TEAM = EQ5S6DVB5G;
				INFOPLIST_FILE = DoYuLiveStreaming/Info.plist;
				LD_RUNPATH_SEARCH_PATHS = "$(inherited) @executable_path/Frameworks";
				PRODUCT_BUNDLE_IDENTIFIER = com.ptf.www.ptf.DoYuLiveStreaming;
				PRODUCT_NAME = "$(TARGET_NAME)";
				SWIFT_VERSION = 3.0;
			};
			name = Debug;
		};
		84BBA74B1E8185C300E63BEB /* Release */ = {
			isa = XCBuildConfiguration;
			baseConfigurationReference = E8B4B9F133B0A38DDF70009B /* Pods-DoYuLiveStreaming.release.xcconfig */;
			buildSettings = {
				ALWAYS_EMBED_SWIFT_STANDARD_LIBRARIES = YES;
				ASSETCATALOG_COMPILER_APPICON_NAME = AppIcon;
				ASSETCATALOG_COMPILER_LAUNCHIMAGE_NAME = LaunchImage;
				DEVELOPMENT_TEAM = EQ5S6DVB5G;
				INFOPLIST_FILE = DoYuLiveStreaming/Info.plist;
				LD_RUNPATH_SEARCH_PATHS = "$(inherited) @executable_path/Frameworks";
				PRODUCT_BUNDLE_IDENTIFIER = com.ptf.www.ptf.DoYuLiveStreaming;
				PRODUCT_NAME = "$(TARGET_NAME)";
				SWIFT_VERSION = 3.0;
			};
			name = Release;
		};
/* End XCBuildConfiguration section */

/* Begin XCConfigurationList section */
		84BBA7321E8185C300E63BEB /* Build configuration list for PBXProject "DoYuLiveStreaming" */ = {
			isa = XCConfigurationList;
			buildConfigurations = (
				84BBA7471E8185C300E63BEB /* Debug */,
				84BBA7481E8185C300E63BEB /* Release */,
			);
			defaultConfigurationIsVisible = 0;
			defaultConfigurationName = Release;
		};
		84BBA7491E8185C300E63BEB /* Build configuration list for PBXNativeTarget "DoYuLiveStreaming" */ = {
			isa = XCConfigurationList;
			buildConfigurations = (
				84BBA74A1E8185C300E63BEB /* Debug */,
				84BBA74B1E8185C300E63BEB /* Release */,
			);
			defaultConfigurationIsVisible = 0;
			defaultConfigurationName = Release;
		};
/* End XCConfigurationList section */
	};
	rootObject = 84BBA72F1E8185C300E63BEB /* Project object */;
}
